
Microsoft Visual Studio Solution File, Format Version 12.00
# Visual Studio Version 16
VisualStudioVersion = 16.0.31025.194
MinimumVisualStudioVersion = 10.0.40219.1
Project("{FAE04EC0-301F-11D3-BF4B-00C04F79EFBC}") = "NewsAppMVC", "NewsAppMVC\NewsAppMVC.csproj", "{67505E1B-D638-44FA-B99D-67873AB82C1A}"
EndProject
Project("{FAE04EC0-301F-11D3-BF4B-00C04F79EFBC}") = "NewsAppRazorPage", "NewsAppRazorPage\NewsAppRazorPage.csproj", "{A69D0361-6730-460E-8B08-B66CCF0DEAB5}"
EndProject
Global
	GlobalSection(SolutionConfigurationPlatforms) = preSolution
		Debug|Any CPU = Debug|Any CPU
		Release|Any CPU = Release|Any CPU
	EndGlobalSection
	GlobalSection(ProjectConfigurationPlatforms) = postSolution
		{67505E1B-D638-44FA-B99D-67873AB82C1A}.Debug|Any CPU.ActiveCfg = Debug|Any CPU
		{67505E1B-D638-44FA-B99D-67873AB82C1A}.Debug|Any CPU.Build.0 = Debug|Any CPU
		{67505E1B-D638-44FA-B99D-67873AB82C1A}.Release|Any CPU.ActiveCfg = Release|Any CPU
		{67505E1B-D638-44FA-B99D-67873AB82C1A}.Release|Any CPU.Build.0 = Release|Any CPU
		{A69D0361-6730-460E-8B08-B66CCF0DEAB5}.Debug|Any CPU.ActiveCfg = Debug|Any CPU
		{A69D0361-6730-460E-8B08-B66CCF0DEAB5}.Debug|Any CPU.Build.0 = Debug|Any CPU
		{A69D0361-6730-460E-8B08-B66CCF0DEAB5}.Release|Any CPU.ActiveCfg = Release|Any CPU
		{A69D0361-6730-460E-8B08-B66CCF0DEAB5}.Release|Any CPU.Build.0 = Release|Any CPU
	EndGlobalSection
	GlobalSection(SolutionProperties) = preSolution
		HideSolutionNode = FALSE
	EndGlobalSection
	GlobalSection(ExtensibilityGlobals) = postSolution
		SolutionGuid = {32E38E41-AD6A-4FE1-86D0-E1E471A73551}
	EndGlobalSection
EndGlobal
